
Microsoft Visual Studio Solution File, Format Version 12.00
# Visual Studio Version 17
VisualStudioVersion = 17.0.32112.339
MinimumVisualStudioVersion = 10.0.40219.1
Project("{FAE04EC0-301F-11D3-BF4B-00C04F79EFBC}") = "nom2", "nom2\nom2.csproj", "{3FA0B47D-37E7-42F7-85FE-502331C0FFDC}"
EndProject
Global
	GlobalSection(SolutionConfigurationPlatforms) = preSolution
		Debug|Any CPU = Debug|Any CPU
		Release|Any CPU = Release|Any CPU
	EndGlobalSection
	GlobalSection(ProjectConfigurationPlatforms) = postSolution
		{3FA0B47D-37E7-42F7-85FE-502331C0FFDC}.Debug|Any CPU.ActiveCfg = Debug|Any CPU
		{3FA0B47D-37E7-42F7-85FE-502331C0FFDC}.Debug|Any CPU.Build.0 = Debug|Any CPU
		{3FA0B47D-37E7-42F7-85FE-502331C0FFDC}.Release|Any CPU.ActiveCfg = Release|Any CPU
		{3FA0B47D-37E7-42F7-85FE-502331C0FFDC}.Release|Any CPU.Build.0 = Release|Any CPU
	EndGlobalSection
	GlobalSection(SolutionProperties) = preSolution
		HideSolutionNode = FALSE
	EndGlobalSection
	GlobalSection(ExtensibilityGlobals) = postSolution
		SolutionGuid = {06A10743-4815-4860-ADAE-947D70548BF0}
	EndGlobalSection
EndGlobal
