
Microsoft Visual Studio Solution File, Format Version 12.00
# Visual Studio Version 17
VisualStudioVersion = 17.0.32112.339
MinimumVisualStudioVersion = 10.0.40219.1
Project("{FAE04EC0-301F-11D3-BF4B-00C04F79EFBC}") = "ULPR-GITHUB.PRAC4-3", "ULPR-GITHUB.PRAC4-3\ULPR-GITHUB.PRAC4-3.csproj", "{01A35D0A-AB75-4344-99C3-86B78D0ACDE5}"
EndProject
Global
	GlobalSection(SolutionConfigurationPlatforms) = preSolution
		Debug|Any CPU = Debug|Any CPU
		Release|Any CPU = Release|Any CPU
	EndGlobalSection
	GlobalSection(ProjectConfigurationPlatforms) = postSolution
		{01A35D0A-AB75-4344-99C3-86B78D0ACDE5}.Debug|Any CPU.ActiveCfg = Debug|Any CPU
		{01A35D0A-AB75-4344-99C3-86B78D0ACDE5}.Debug|Any CPU.Build.0 = Debug|Any CPU
		{01A35D0A-AB75-4344-99C3-86B78D0ACDE5}.Release|Any CPU.ActiveCfg = Release|Any CPU
		{01A35D0A-AB75-4344-99C3-86B78D0ACDE5}.Release|Any CPU.Build.0 = Release|Any CPU
	EndGlobalSection
	GlobalSection(SolutionProperties) = preSolution
		HideSolutionNode = FALSE
	EndGlobalSection
	GlobalSection(ExtensibilityGlobals) = postSolution
		SolutionGuid = {0E5E5BF9-B283-4920-98EC-B89E9ACBEE30}
	EndGlobalSection
EndGlobal
